
Microsoft Visual Studio Solution File, Format Version 12.00
# Visual Studio Version 16
VisualStudioVersion = 16.0.30413.136
MinimumVisualStudioVersion = 10.0.40219.1
Project("{FAE04EC0-301F-11D3-BF4B-00C04F79EFBC}") = "Exs3", "Exs3\Exs3.csproj", "{15E34D38-9228-47B7-A3BB-DFBE5B1D0405}"
EndProject
Global
	GlobalSection(SolutionConfigurationPlatforms) = preSolution
		Debug|Any CPU = Debug|Any CPU
		Release|Any CPU = Release|Any CPU
	EndGlobalSection
	GlobalSection(ProjectConfigurationPlatforms) = postSolution
		{15E34D38-9228-47B7-A3BB-DFBE5B1D0405}.Debug|Any CPU.ActiveCfg = Debug|Any CPU
		{15E34D38-9228-47B7-A3BB-DFBE5B1D0405}.Debug|Any CPU.Build.0 = Debug|Any CPU
		{15E34D38-9228-47B7-A3BB-DFBE5B1D0405}.Release|Any CPU.ActiveCfg = Release|Any CPU
		{15E34D38-9228-47B7-A3BB-DFBE5B1D0405}.Release|Any CPU.Build.0 = Release|Any CPU
	EndGlobalSection
	GlobalSection(SolutionProperties) = preSolution
		HideSolutionNode = FALSE
	EndGlobalSection
	GlobalSection(ExtensibilityGlobals) = postSolution
		SolutionGuid = {429F135C-06C1-41E9-A44F-1C7A50EC8750}
	EndGlobalSection
EndGlobal
